
Microsoft Visual Studio Solution File, Format Version 12.00
# Visual Studio 15
VisualStudioVersion = 15.0.27703.2042
MinimumVisualStudioVersion = 10.0.40219.1
Project("{FAE04EC0-301F-11D3-BF4B-00C04F79EFBC}") = "diversifytestapp", "diversifytestapp\diversifytestapp.csproj", "{B9A8C932-3B55-4A2B-8909-3D4ABB72B9EB}"
EndProject
Global
	GlobalSection(SolutionConfigurationPlatforms) = preSolution
		Debug|Any CPU = Debug|Any CPU
		Release|Any CPU = Release|Any CPU
	EndGlobalSection
	GlobalSection(ProjectConfigurationPlatforms) = postSolution
		{B9A8C932-3B55-4A2B-8909-3D4ABB72B9EB}.Debug|Any CPU.ActiveCfg = Debug|Any CPU
		{B9A8C932-3B55-4A2B-8909-3D4ABB72B9EB}.Debug|Any CPU.Build.0 = Debug|Any CPU
		{B9A8C932-3B55-4A2B-8909-3D4ABB72B9EB}.Release|Any CPU.ActiveCfg = Release|Any CPU
		{B9A8C932-3B55-4A2B-8909-3D4ABB72B9EB}.Release|Any CPU.Build.0 = Release|Any CPU
	EndGlobalSection
	GlobalSection(SolutionProperties) = preSolution
		HideSolutionNode = FALSE
	EndGlobalSection
	GlobalSection(ExtensibilityGlobals) = postSolution
		SolutionGuid = {18527A24-3282-47D9-BCCF-1CE9FB506281}
	EndGlobalSection
EndGlobal
